
Microsoft Visual Studio Solution File, Format Version 12.00
# Visual Studio 15
VisualStudioVersion = 15.0.28307.902
MinimumVisualStudioVersion = 10.0.40219.1
Project("{FAE04EC0-301F-11D3-BF4B-00C04F79EFBC}") = "BOL", "BOL\BOL.csproj", "{FFE964D3-A2F9-4674-9EBA-2AF6242FAEF8}"
EndProject
Project("{FAE04EC0-301F-11D3-BF4B-00C04F79EFBC}") = "DAL", "DAL\DAL.csproj", "{6937ACB3-AEDB-4A98-8033-BE14053F6092}"
EndProject
Project("{FAE04EC0-301F-11D3-BF4B-00C04F79EFBC}") = "BLL", "BLL\BLL.csproj", "{AA334AA1-90E5-4D43-94FF-211FBEC221E7}"
EndProject
Project("{FAE04EC0-301F-11D3-BF4B-00C04F79EFBC}") = "SAL", "SAL\SAL.csproj", "{A6E9E129-F2BF-4FC3-A24A-B63957D0C9D6}"
EndProject
Project("{FAE04EC0-301F-11D3-BF4B-00C04F79EFBC}") = "EStoreWeb", "EStoreWeb\EStoreWeb.csproj", "{DCF25846-5526-4C78-99C7-DAA6EC9F8C0D}"
EndProject
Project("{FAE04EC0-301F-11D3-BF4B-00C04F79EFBC}") = "TestApp", "TestApp\TestApp.csproj", "{F898CAC6-EE4E-4854-A192-41939DD9A495}"
EndProject
Global
	GlobalSection(SolutionConfigurationPlatforms) = preSolution
		Debug|Any CPU = Debug|Any CPU
		Release|Any CPU = Release|Any CPU
	EndGlobalSection
	GlobalSection(ProjectConfigurationPlatforms) = postSolution
		{FFE964D3-A2F9-4674-9EBA-2AF6242FAEF8}.Debug|Any CPU.ActiveCfg = Debug|Any CPU
		{FFE964D3-A2F9-4674-9EBA-2AF6242FAEF8}.Debug|Any CPU.Build.0 = Debug|Any CPU
		{FFE964D3-A2F9-4674-9EBA-2AF6242FAEF8}.Release|Any CPU.ActiveCfg = Release|Any CPU
		{FFE964D3-A2F9-4674-9EBA-2AF6242FAEF8}.Release|Any CPU.Build.0 = Release|Any CPU
		{6937ACB3-AEDB-4A98-8033-BE14053F6092}.Debug|Any CPU.ActiveCfg = Debug|Any CPU
		{6937ACB3-AEDB-4A98-8033-BE14053F6092}.Debug|Any CPU.Build.0 = Debug|Any CPU
		{6937ACB3-AEDB-4A98-8033-BE14053F6092}.Release|Any CPU.ActiveCfg = Release|Any CPU
		{6937ACB3-AEDB-4A98-8033-BE14053F6092}.Release|Any CPU.Build.0 = Release|Any CPU
		{AA334AA1-90E5-4D43-94FF-211FBEC221E7}.Debug|Any CPU.ActiveCfg = Debug|Any CPU
		{AA334AA1-90E5-4D43-94FF-211FBEC221E7}.Debug|Any CPU.Build.0 = Debug|Any CPU
		{AA334AA1-90E5-4D43-94FF-211FBEC221E7}.Release|Any CPU.ActiveCfg = Release|Any CPU
		{AA334AA1-90E5-4D43-94FF-211FBEC221E7}.Release|Any CPU.Build.0 = Release|Any CPU
		{A6E9E129-F2BF-4FC3-A24A-B63957D0C9D6}.Debug|Any CPU.ActiveCfg = Debug|Any CPU
		{A6E9E129-F2BF-4FC3-A24A-B63957D0C9D6}.Debug|Any CPU.Build.0 = Debug|Any CPU
		{A6E9E129-F2BF-4FC3-A24A-B63957D0C9D6}.Release|Any CPU.ActiveCfg = Release|Any CPU
		{A6E9E129-F2BF-4FC3-A24A-B63957D0C9D6}.Release|Any CPU.Build.0 = Release|Any CPU
		{DCF25846-5526-4C78-99C7-DAA6EC9F8C0D}.Debug|Any CPU.ActiveCfg = Debug|Any CPU
		{DCF25846-5526-4C78-99C7-DAA6EC9F8C0D}.Debug|Any CPU.Build.0 = Debug|Any CPU
		{DCF25846-5526-4C78-99C7-DAA6EC9F8C0D}.Release|Any CPU.ActiveCfg = Release|Any CPU
		{DCF25846-5526-4C78-99C7-DAA6EC9F8C0D}.Release|Any CPU.Build.0 = Release|Any CPU
		{F898CAC6-EE4E-4854-A192-41939DD9A495}.Debug|Any CPU.ActiveCfg = Debug|Any CPU
		{F898CAC6-EE4E-4854-A192-41939DD9A495}.Debug|Any CPU.Build.0 = Debug|Any CPU
		{F898CAC6-EE4E-4854-A192-41939DD9A495}.Release|Any CPU.ActiveCfg = Release|Any CPU
		{F898CAC6-EE4E-4854-A192-41939DD9A495}.Release|Any CPU.Build.0 = Release|Any CPU
	EndGlobalSection
	GlobalSection(SolutionProperties) = preSolution
		HideSolutionNode = FALSE
	EndGlobalSection
	GlobalSection(ExtensibilityGlobals) = postSolution
		SolutionGuid = {F6A981A1-6D3B-40CF-A6BB-68CBF070CF0F}
	EndGlobalSection
EndGlobal
